
Microsoft Visual Studio Solution File, Format Version 12.00
# Visual Studio Version 17
VisualStudioVersion = 17.9.34607.119
MinimumVisualStudioVersion = 10.0.40219.1
Project("{FAE04EC0-301F-11D3-BF4B-00C04F79EFBC}") = "RedCobra.WebApi", "RedCobra.WebApi\RedCobra.WebApi.csproj", "{3B9F920E-C00A-4D3F-833E-BFD352EDF0F1}"
EndProject
Project("{FAE04EC0-301F-11D3-BF4B-00C04F79EFBC}") = "RedCobra.HttpExceptions", "RedCobra.HttpExceptions\RedCobra.HttpExceptions.csproj", "{39155BBC-8329-4BBA-96CA-425E46152343}"
EndProject
Global
	GlobalSection(SolutionConfigurationPlatforms) = preSolution
		Debug|Any CPU = Debug|Any CPU
		Release|Any CPU = Release|Any CPU
	EndGlobalSection
	GlobalSection(ProjectConfigurationPlatforms) = postSolution
		{3B9F920E-C00A-4D3F-833E-BFD352EDF0F1}.Debug|Any CPU.ActiveCfg = Debug|Any CPU
		{3B9F920E-C00A-4D3F-833E-BFD352EDF0F1}.Debug|Any CPU.Build.0 = Debug|Any CPU
		{3B9F920E-C00A-4D3F-833E-BFD352EDF0F1}.Release|Any CPU.ActiveCfg = Release|Any CPU
		{3B9F920E-C00A-4D3F-833E-BFD352EDF0F1}.Release|Any CPU.Build.0 = Release|Any CPU
		{39155BBC-8329-4BBA-96CA-425E46152343}.Debug|Any CPU.ActiveCfg = Debug|Any CPU
		{39155BBC-8329-4BBA-96CA-425E46152343}.Debug|Any CPU.Build.0 = Debug|Any CPU
		{39155BBC-8329-4BBA-96CA-425E46152343}.Release|Any CPU.ActiveCfg = Release|Any CPU
		{39155BBC-8329-4BBA-96CA-425E46152343}.Release|Any CPU.Build.0 = Release|Any CPU
	EndGlobalSection
	GlobalSection(SolutionProperties) = preSolution
		HideSolutionNode = FALSE
	EndGlobalSection
	GlobalSection(ExtensibilityGlobals) = postSolution
		SolutionGuid = {B7CE2AB5-5C37-4CDC-86BC-3D0593996780}
	EndGlobalSection
EndGlobal
